
Microsoft Visual Studio Solution File, Format Version 12.00
# Visual Studio Version 17
VisualStudioVersion = 17.9.34728.123
MinimumVisualStudioVersion = 10.0.40219.1
Project("{FAE04EC0-301F-11D3-BF4B-00C04F79EFBC}") = "MedEase Campus Clinic", "MedEase Campus Clinic.csproj", "{51F7443B-7328-452E-910F-EEC50D895AB4}"
EndProject
Global
	GlobalSection(SolutionConfigurationPlatforms) = preSolution
		Debug|Any CPU = Debug|Any CPU
		Release|Any CPU = Release|Any CPU
	EndGlobalSection
	GlobalSection(ProjectConfigurationPlatforms) = postSolution
		{51F7443B-7328-452E-910F-EEC50D895AB4}.Debug|Any CPU.ActiveCfg = Debug|Any CPU
		{51F7443B-7328-452E-910F-EEC50D895AB4}.Debug|Any CPU.Build.0 = Debug|Any CPU
		{51F7443B-7328-452E-910F-EEC50D895AB4}.Release|Any CPU.ActiveCfg = Release|Any CPU
		{51F7443B-7328-452E-910F-EEC50D895AB4}.Release|Any CPU.Build.0 = Release|Any CPU
	EndGlobalSection
	GlobalSection(SolutionProperties) = preSolution
		HideSolutionNode = FALSE
	EndGlobalSection
	GlobalSection(ExtensibilityGlobals) = postSolution
		SolutionGuid = {38E0A099-A0A5-4A67-8503-5ACA8CD60564}
	EndGlobalSection
EndGlobal
